// !$*UTF8*$!
{
	archiveVersion = 1;
	classes = {
	};
	objectVersion = 46;
	objects = {

/* Begin PBXBuildFile section */
		9B783C7F1CD9466800C39706 /* AppDelegate.swift in Sources */ = {isa = PBXBuildFile; fileRef = 9B783C7E1CD9466800C39706 /* AppDelegate.swift */; };
		9B783C811CD9466800C39706 /* ViewController.swift in Sources */ = {isa = PBXBuildFile; fileRef = 9B783C801CD9466800C39706 /* ViewController.swift */; };
		9B783C841CD9466800C39706 /* Main.storyboard in Resources */ = {isa = PBXBuildFile; fileRef = 9B783C821CD9466800C39706 /* Main.storyboard */; };
		9B783C861CD9466800C39706 /* Assets.xcassets in Resources */ = {isa = PBXBuildFile; fileRef = 9B783C851CD9466800C39706 /* Assets.xcassets */; };
		9B783C891CD9466800C39706 /* LaunchScreen.storyboard in Resources */ = {isa = PBXBuildFile; fileRef = 9B783C871CD9466800C39706 /* LaunchScreen.storyboard */; };
		9B783C941CD9466800C39706 /* UITableViewTests.swift in Sources */ = {isa = PBXBuildFile; fileRef = 9B783C931CD9466800C39706 /* UITableViewTests.swift */; };
		9B783C9F1CD9466800C39706 /* UITableViewUITests.swift in Sources */ = {isa = PBXBuildFile; fileRef = 9B783C9E1CD9466800C39706 /* UITableViewUITests.swift */; };
		9B783CAD1CD948B700C39706 /* TableViewController.swift in Sources */ = {isa = PBXBuildFile; fileRef = 9B783CAC1CD948B700C39706 /* TableViewController.swift */; };
/* End PBXBuildFile section */

/* Begin PBXContainerItemProxy section */
		9B783C901CD9466800C39706 /* PBXContainerItemProxy */ = {
			isa = PBXContainerItemProxy;
			containerPortal = 9B783C731CD9466800C39706 /* Project object */;
			proxyType = 1;
			remoteGlobalIDString = 9B783C7A1CD9466800C39706;
			remoteInfo = UITableView;
		};
		9B783C9B1CD9466800C39706 /* PBXContainerItemProxy */ = {
			isa = PBXContainerItemProxy;
			containerPortal = 9B783C731CD9466800C39706 /* Project object */;
			proxyType = 1;
			remoteGlobalIDString = 9B783C7A1CD9466800C39706;
			remoteInfo = UITableView;
		};
/* End PBXContainerItemProxy section */

/* Begin PBXFileReference section */
		9B783C7B1CD9466800C39706 /* UITableView.app */ = {isa = PBXFileReference; explicitFileType = wrapper.application; includeInIndex = 0; path = UITableView.app; sourceTree = BUILT_PRODUCTS_DIR; };
		9B783C7E1CD9466800C39706 /* AppDelegate.swift */ = {isa = PBXFileReference; lastKnownFileType = sourcecode.swift; path = AppDelegate.swift; sourceTree = "<group>"; };
		9B783C801CD9466800C39706 /* ViewController.swift */ = {isa = PBXFileReference; lastKnownFileType = sourcecode.swift; path = ViewController.swift; sourceTree = "<group>"; };
		9B783C831CD9466800C39706 /* Base */ = {isa = PBXFileReference; lastKnownFileType = file.storyboard; name = Base; path = Base.lproj/Main.storyboard; sourceTree = "<group>"; };
		9B783C851CD9466800C39706 /* Assets.xcassets */ = {isa = PBXFileReference; lastKnownFileType = folder.assetcatalog; path = Assets.xcassets; sourceTree = "<group>"; };
		9B783C881CD9466800C39706 /* Base */ = {isa = PBXFileReference; lastKnownFileType = file.storyboard; name = Base; path = Base.lproj/LaunchScreen.storyboard; sourceTree = "<group>"; };
		9B783C8A1CD9466800C39706 /* Info.plist */ = {isa = PBXFileReference; lastKnownFileType = text.plist.xml; path = Info.plist; sourceTree = "<group>"; };
		9B783C8F1CD9466800C39706 /* UITableViewTests.xctest */ = {isa = PBXFileReference; explicitFileType = wrapper.cfbundle; includeInIndex = 0; path = UITableViewTests.xctest; sourceTree = BUILT_PRODUCTS_DIR; };
		9B783C931CD9466800C39706 /* UITableViewTests.swift */ = {isa = PBXFileReference; lastKnownFileType = sourcecode.swift; path = UITableViewTests.swift; sourceTree = "<group>"; };
		9B783C951CD9466800C39706 /* Info.plist */ = {isa = PBXFileReference; lastKnownFileType = text.plist.xml; path = Info.plist; sourceTree = "<group>"; };
		9B783C9A1CD9466800C39706 /* UITableViewUITests.xctest */ = {isa = PBXFileReference; explicitFileType = wrapper.cfbundle; includeInIndex = 0; path = UITableViewUITests.xctest; sourceTree = BUILT_PRODUCTS_DIR; };
		9B783C9E1CD9466800C39706 /* UITableViewUITests.swift */ = {isa = PBXFileReference; lastKnownFileType = sourcecode.swift; path = UITableViewUITests.swift; sourceTree = "<group>"; };
		9B783CA01CD9466800C39706 /* Info.plist */ = {isa = PBXFileReference; lastKnownFileType = text.plist.xml; path = Info.plist; sourceTree = "<group>"; };
		9B783CAC1CD948B700C39706 /* TableViewController.swift */ = {isa = PBXFileReference; fileEncoding = 4; lastKnownFileType = sourcecode.swift; path = TableViewController.swift; sourceTree = "<group>"; };
/* End PBXFileReference section */

/* Begin PBXFrameworksBuildPhase section */
		9B783C781CD9466800C39706 /* Frameworks */ = {
			isa = PBXFrameworksBuildPhase;
			buildActionMask = 2147483647;
			files = (
			);
			runOnlyForDeploymentPostprocessing = 0;
		};
		9B783C8C1CD9466800C39706 /* Frameworks */ = {
			isa = PBXFrameworksBuildPhase;
			buildActionMask = 2147483647;
			files = (
			);
			runOnlyForDeploymentPostprocessing = 0;
		};
		9B783C971CD9466800C39706 /* Frameworks */ = {
			isa = PBXFrameworksBuildPhase;
			buildActionMask = 2147483647;
			files = (
			);
			runOnlyForDeploymentPostprocessing = 0;
		};
/* End PBXFrameworksBuildPhase section */

/* Begin PBXGroup section */
		9B783C721CD9466800C39706 = {
			isa = PBXGroup;
			children = (
				9B783C7D1CD9466800C39706 /* UITableView */,
				9B783C921CD9466800C39706 /* UITableViewTests */,
				9B783C9D1CD9466800C39706 /* UITableViewUITests */,
				9B783C7C1CD9466800C39706 /* Products */,
			);
			sourceTree = "<group>";
		};
		9B783C7C1CD9466800C39706 /* Products */ = {
			isa = PBXGroup;
			children = (
				9B783C7B1CD9466800C39706 /* UITableView.app */,
				9B783C8F1CD9466800C39706 /* UITableViewTests.xctest */,
				9B783C9A1CD9466800C39706 /* UITableViewUITests.xctest */,
			);
			name = Products;
			sourceTree = "<group>";
		};
		9B783C7D1CD9466800C39706 /* UITableView */ = {
			isa = PBXGroup;
			children = (
				9B783C7E1CD9466800C39706 /* AppDelegate.swift */,
				9B783C801CD9466800C39706 /* ViewController.swift */,
				9B783CAC1CD948B700C39706 /* TableViewController.swift */,
				9B783C821CD9466800C39706 /* Main.storyboard */,
				9B783C851CD9466800C39706 /* Assets.xcassets */,
				9B783C871CD9466800C39706 /* LaunchScreen.storyboard */,
				9B783C8A1CD9466800C39706 /* Info.plist */,
			);
			path = UITableView;
			sourceTree = "<group>";
		};
		9B783C921CD9466800C39706 /* UITableViewTests */ = {
			isa = PBXGroup;
			children = (
				9B783C931CD9466800C39706 /* UITableViewTests.swift */,
				9B783C951CD9466800C39706 /* Info.plist */,
			);
			path = UITableViewTests;
			sourceTree = "<group>";
		};
		9B783C9D1CD9466800C39706 /* UITableViewUITests */ = {
			isa = PBXGroup;
			children = (
				9B783C9E1CD9466800C39706 /* UITableViewUITests.swift */,
				9B783CA01CD9466800C39706 /* Info.plist */,
			);
			path = UITableViewUITests;
			sourceTree = "<group>";
		};
/* End PBXGroup section */

/* Begin PBXNativeTarget section */
		9B783C7A1CD9466800C39706 /* UITableView */ = {
			isa = PBXNativeTarget;
			buildConfigurationList = 9B783CA31CD9466800C39706 /* Build configuration list for PBXNativeTarget "UITableView" */;
			buildPhases = (
				9B783C771CD9466800C39706 /* Sources */,
				9B783C781CD9466800C39706 /* Frameworks */,
				9B783C791CD9466800C39706 /* Resources */,
			);
			buildRules = (
			);
			dependencies = (
			);
			name = UITableView;
			productName = UITableView;
			productReference = 9B783C7B1CD9466800C39706 /* UITableView.app */;
			productType = "com.apple.product-type.application";
		};
		9B783C8E1CD9466800C39706 /* UITableViewTests */ = {
			isa = PBXNativeTarget;
			buildConfigurationList = 9B783CA61CD9466800C39706 /* Build configuration list for PBXNativeTarget "UITableViewTests" */;
			buildPhases = (
				9B783C8B1CD9466800C39706 /* Sources */,
				9B783C8C1CD9466800C39706 /* Frameworks */,
				9B783C8D1CD9466800C39706 /* Resources */,
			);
			buildRules = (
			);
			dependencies = (
				9B783C911CD9466800C39706 /* PBXTargetDependency */,
			);
			name = UITableViewTests;
			productName = UITableViewTests;
			productReference = 9B783C8F1CD9466800C39706 /* UITableViewTests.xctest */;
			productType = "com.apple.product-type.bundle.unit-test";
		};
		9B783C991CD9466800C39706 /* UITableViewUITests */ = {
			isa = PBXNativeTarget;
			buildConfigurationList = 9B783CA91CD9466800C39706 /* Build configuration list for PBXNativeTarget "UITableViewUITests" */;
			buildPhases = (
				9B783C961CD9466800C39706 /* Sources */,
				9B783C971CD9466800C39706 /* Frameworks */,
				9B783C981CD9466800C39706 /* Resources */,
			);
			buildRules = (
			);
			dependencies = (
				9B783C9C1CD9466800C39706 /* PBXTargetDependency */,
			);
			name = UITableViewUITests;
			productName = UITableViewUITests;
			productReference = 9B783C9A1CD9466800C39706 /* UITableViewUITests.xctest */;
			productType = "com.apple.product-type.bundle.ui-testing";
		};
/* End PBXNativeTarget section */

/* Begin PBXProject section */
		9B783C731CD9466800C39706 /* Project object */ = {
			isa = PBXProject;
			attributes = {
				LastSwiftUpdateCheck = 0730;
				LastUpgradeCheck = 0730;
				ORGANIZATIONNAME = "Paige Sun";
				TargetAttributes = {
					9B783C7A1CD9466800C39706 = {
						CreatedOnToolsVersion = 7.3;
					};
					9B783C8E1CD9466800C39706 = {
						CreatedOnToolsVersion = 7.3;
						TestTargetID = 9B783C7A1CD9466800C39706;
					};
					9B783C991CD9466800C39706 = {
						CreatedOnToolsVersion = 7.3;
						TestTargetID = 9B783C7A1CD9466800C39706;
					};
				};
			};
			buildConfigurationList = 9B783C761CD9466800C39706 /* Build configuration list for PBXProject "UITableView" */;
			compatibilityVersion = "Xcode 3.2";
			developmentRegion = English;
			hasScannedForEncodings = 0;
			knownRegions = (
				en,
				Base,
			);
			mainGroup = 9B783C721CD9466800C39706;
			productRefGroup = 9B783C7C1CD9466800C39706 /* Products */;
			projectDirPath = "";
			projectRoot = "";
			targets = (
				9B783C7A1CD9466800C39706 /* UITableView */,
				9B783C8E1CD9466800C39706 /* UITableViewTests */,
				9B783C991CD9466800C39706 /* UITableViewUITests */,
			);
		};
/* End PBXProject section */

/* Begin PBXResourcesBuildPhase section */
		9B783C791CD9466800C39706 /* Resources */ = {
			isa = PBXResourcesBuildPhase;
			buildActionMask = 2147483647;
			files = (
				9B783C891CD9466800C39706 /* LaunchScreen.storyboard in Resources */,
				9B783C861CD9466800C39706 /* Assets.xcassets in Resources */,
				9B783C841CD9466800C39706 /* Main.storyboard in Resources */,
			);
			runOnlyForDeploymentPostprocessing = 0;
		};
		9B783C8D1CD9466800C39706 /* Resources */ = {
			isa = PBXResourcesBuildPhase;
			buildActionMask = 2147483647;
			files = (
			);
			runOnlyForDeploymentPostprocessing = 0;
		};
		9B783C981CD9466800C39706 /* Resources */ = {
			isa = PBXResourcesBuildPhase;
			buildActionMask = 2147483647;
			files = (
			);
			runOnlyForDeploymentPostprocessing = 0;
		};
/* End PBXResourcesBuildPhase section */

/* Begin PBXSourcesBuildPhase section */
		9B783C771CD9466800C39706 /* Sources */ = {
			isa = PBXSourcesBuildPhase;
			buildActionMask = 2147483647;
			files = (
				9B783C811CD9466800C39706 /* ViewController.swift in Sources */,
				9B783CAD1CD948B700C39706 /* TableViewController.swift in Sources */,
				9B783C7F1CD9466800C39706 /* AppDelegate.swift in Sources */,
			);
			runOnlyForDeploymentPostprocessing = 0;
		};
		9B783C8B1CD9466800C39706 /* Sources */ = {
			isa = PBXSourcesBuildPhase;
			buildActionMask = 2147483647;
			files = (
				9B783C941CD9466800C39706 /* UITableViewTests.swift in Sources */,
			);
			runOnlyForDeploymentPostprocessing = 0;
		};
		9B783C961CD9466800C39706 /* Sources */ = {
			isa = PBXSourcesBuildPhase;
			buildActionMask = 2147483647;
			files = (
				9B783C9F1CD9466800C39706 /* UITableViewUITests.swift in Sources */,
			);
			runOnlyForDeploymentPostprocessing = 0;
		};
/* End PBXSourcesBuildPhase section */

/* Begin PBXTargetDependency section */
		9B783C911CD9466800C39706 /* PBXTargetDependency */ = {
			isa = PBXTargetDependency;
			target = 9B783C7A1CD9466800C39706 /* UITableView */;
			targetProxy = 9B783C901CD9466800C39706 /* PBXContainerItemProxy */;
		};
		9B783C9C1CD9466800C39706 /* PBXTargetDependency */ = {
			isa = PBXTargetDependency;
			target = 9B783C7A1CD9466800C39706 /* UITableView */;
			targetProxy = 9B783C9B1CD9466800C39706 /* PBXContainerItemProxy */;
		};
/* End PBXTargetDependency section */

/* Begin PBXVariantGroup section */
		9B783C821CD9466800C39706 /* Main.storyboard */ = {
			isa = PBXVariantGroup;
			children = (
				9B783C831CD9466800C39706 /* Base */,
			);
			name = Main.storyboard;
			sourceTree = "<group>";
		};
		9B783C871CD9466800C39706 /* LaunchScreen.storyboard */ = {
			isa = PBXVariantGroup;
			children = (
				9B783C881CD9466800C39706 /* Base */,
			);
			name = LaunchScreen.storyboard;
			sourceTree = "<group>";
		};
/* End PBXVariantGroup section */

/* Begin XCBuildConfiguration section */
		9B783CA11CD9466800C39706 /* Debug */ = {
			isa = XCBuildConfiguration;
			buildSettings = {
				ALWAYS_SEARCH_USER_PATHS = NO;
				CLANG_ANALYZER_NONNULL = YES;
				CLANG_CXX_LANGUAGE_STANDARD = "gnu++0x";
				CLANG_CXX_LIBRARY = "libc++";
				CLANG_ENABLE_MODULES = YES;
				CLANG_ENABLE_OBJC_ARC = YES;
				CLANG_WARN_BOOL_CONVERSION = YES;
				CLANG_WARN_CONSTANT_CONVERSION = YES;
				CLANG_WARN_DIRECT_OBJC_ISA_USAGE = YES_ERROR;
				CLANG_WARN_EMPTY_BODY = YES;
				CLANG_WARN_ENUM_CONVERSION = YES;
				CLANG_WARN_INT_CONVERSION = YES;
				CLANG_WARN_OBJC_ROOT_CLASS = YES_ERROR;
				CLANG_WARN_UNREACHABLE_CODE = YES;
				CLANG_WARN__DUPLICATE_METHOD_MATCH = YES;
				"CODE_SIGN_IDENTITY[sdk=iphoneos*]" = "iPhone Developer";
				COPY_PHASE_STRIP = NO;
				DEBUG_INFORMATION_FORMAT = dwarf;
				ENABLE_STRICT_OBJC_MSGSEND = YES;
				ENABLE_TESTABILITY = YES;
				GCC_C_LANGUAGE_STANDARD = gnu99;
				GCC_DYNAMIC_NO_PIC = NO;
				GCC_NO_COMMON_BLOCKS = YES;
				GCC_OPTIMIZATION_LEVEL = 0;
				GCC_PREPROCESSOR_DEFINITIONS = (
					"DEBUG=1",
					"$(inherited)",
				);
				GCC_WARN_64_TO_32_BIT_CONVERSION = YES;
				GCC_WARN_ABOUT_RETURN_TYPE = YES_ERROR;
				GCC_WARN_UNDECLARED_SELECTOR = YES;
				GCC_WARN_UNINITIALIZED_AUTOS = YES_AGGRESSIVE;
				GCC_WARN_UNUSED_FUNCTION = YES;
				GCC_WARN_UNUSED_VARIABLE = YES;
				IPHONEOS_DEPLOYMENT_TARGET = 9.3;
				MTL_ENABLE_DEBUG_INFO = YES;
				ONLY_ACTIVE_ARCH = YES;
				SDKROOT = iphoneos;
				SWIFT_OPTIMIZATION_LEVEL = "-Onone";
				TARGETED_DEVICE_FAMILY = "1,2";
			};
			name = Debug;
		};
		9B783CA21CD9466800C39706 /* Release */ = {
			isa = XCBuildConfiguration;
			buildSettings = {
				ALWAYS_SEARCH_USER_PATHS = NO;
				CLANG_ANALYZER_NONNULL = YES;
				CLANG_CXX_LANGUAGE_STANDARD = "gnu++0x";
				CLANG_CXX_LIBRARY = "libc++";
				CLANG_ENABLE_MODULES = YES;
				CLANG_ENABLE_OBJC_ARC = YES;
				CLANG_WARN_BOOL_CONVERSION = YES;
				CLANG_WARN_CONSTANT_CONVERSION = YES;
				CLANG_WARN_DIRECT_OBJC_ISA_USAGE = YES_ERROR;
				CLANG_WARN_EMPTY_BODY = YES;
				CLANG_WARN_ENUM_CONVERSION = YES;
				CLANG_WARN_INT_CONVERSION = YES;
				CLANG_WARN_OBJC_ROOT_CLASS = YES_ERROR;
				CLANG_WARN_UNREACHABLE_CODE = YES;
				CLANG_WARN__DUPLICATE_METHOD_MATCH = YES;
				"CODE_SIGN_IDENTITY[sdk=iphoneos*]" = "iPhone Developer";
				COPY_PHASE_STRIP = NO;
				DEBUG_INFORMATION_FORMAT = "dwarf-with-dsym";
				ENABLE_NS_ASSERTIONS = NO;
				ENABLE_STRICT_OBJC_MSGSEND = YES;
				GCC_C_LANGUAGE_STANDARD = gnu99;
				GCC_NO_COMMON_BLOCKS = YES;
				GCC_WARN_64_TO_32_BIT_CONVERSION = YES;
				GCC_WARN_ABOUT_RETURN_TYPE = YES_ERROR;
				GCC_WARN_UNDECLARED_SELECTOR = YES;
				GCC_WARN_UNINITIALIZED_AUTOS = YES_AGGRESSIVE;
				GCC_WARN_UNUSED_FUNCTION = YES;
				GCC_WARN_UNUSED_VARIABLE = YES;
				IPHONEOS_DEPLOYMENT_TARGET = 9.3;
				MTL_ENABLE_DEBUG_INFO = NO;
				SDKROOT = iphoneos;
				TARGETED_DEVICE_FAMILY = "1,2";
				VALIDATE_PRODUCT = YES;
			};
			name = Release;
		};
		9B783CA41CD9466800C39706 /* Debug */ = {
			isa = XCBuildConfiguration;
			buildSettings = {
				ASSETCATALOG_COMPILER_APPICON_NAME = AppIcon;
				INFOPLIST_FILE = UITableView/Info.plist;
				LD_RUNPATH_SEARCH_PATHS = "$(inherited) @executable_path/Frameworks";
				PRODUCT_BUNDLE_IDENTIFIER = com.paigesun.UITableView;
				PRODUCT_NAME = "$(TARGET_NAME)";
			};
			name = Debug;
		};
		9B783CA51CD9466800C39706 /* Release */ = {
			isa = XCBuildConfiguration;
			buildSettings = {
				ASSETCATALOG_COMPILER_APPICON_NAME = AppIcon;
				INFOPLIST_FILE = UITableView/Info.plist;
				LD_RUNPATH_SEARCH_PATHS = "$(inherited) @executable_path/Frameworks";
				PRODUCT_BUNDLE_IDENTIFIER = com.paigesun.UITableView;
				PRODUCT_NAME = "$(TARGET_NAME)";
			};
			name = Release;
		};
		9B783CA71CD9466800C39706 /* Debug */ = {
			isa = XCBuildConfiguration;
			buildSettings = {
				BUNDLE_LOADER = "$(TEST_HOST)";
				INFOPLIST_FILE = UITableViewTests/Info.plist;
				LD_RUNPATH_SEARCH_PATHS = "$(inherited) @executable_path/Frameworks @loader_path/Frameworks";
				PRODUCT_BUNDLE_IDENTIFIER = com.paigesun.UITableViewTests;
				PRODUCT_NAME = "$(TARGET_NAME)";
				TEST_HOST = "$(BUILT_PRODUCTS_DIR)/UITableView.app/UITableView";
			};
			name = Debug;
		};
		9B783CA81CD9466800C39706 /* Release */ = {
			isa = XCBuildConfiguration;
			buildSettings = {
				BUNDLE_LOADER = "$(TEST_HOST)";
				INFOPLIST_FILE = UITableViewTests/Info.plist;
				LD_RUNPATH_SEARCH_PATHS = "$(inherited) @executable_path/Frameworks @loader_path/Frameworks";
				PRODUCT_BUNDLE_IDENTIFIER = com.paigesun.UITableViewTests;
				PRODUCT_NAME = "$(TARGET_NAME)";
				TEST_HOST = "$(BUILT_PRODUCTS_DIR)/UITableView.app/UITableView";
			};
			name = Release;
		};
		9B783CAA1CD9466800C39706 /* Debug */ = {
			isa = XCBuildConfiguration;
			buildSettings = {
				INFOPLIST_FILE = UITableViewUITests/Info.plist;
				LD_RUNPATH_SEARCH_PATHS = "$(inherited) @executable_path/Frameworks @loader_path/Frameworks";
				PRODUCT_BUNDLE_IDENTIFIER = com.paigesun.UITableViewUITests;
				PRODUCT_NAME = "$(TARGET_NAME)";
				TEST_TARGET_NAME = UITableView;
			};
			name = Debug;
		};
		9B783CAB1CD9466800C39706 /* Release */ = {
			isa = XCBuildConfiguration;
			buildSettings = {
				INFOPLIST_FILE = UITableViewUITests/Info.plist;
				LD_RUNPATH_SEARCH_PATHS = "$(inherited) @executable_path/Frameworks @loader_path/Frameworks";
				PRODUCT_BUNDLE_IDENTIFIER = com.paigesun.UITableViewUITests;
				PRODUCT_NAME = "$(TARGET_NAME)";
				TEST_TARGET_NAME = UITableView;
			};
			name = Release;
		};
/* End XCBuildConfiguration section */

/* Begin XCConfigurationList section */
		9B783C761CD9466800C39706 /* Build configuration list for PBXProject "UITableView" */ = {
			isa = XCConfigurationList;
			buildConfigurations = (
				9B783CA11CD9466800C39706 /* Debug */,
				9B783CA21CD9466800C39706 /* Release */,
			);
			defaultConfigurationIsVisible = 0;
			defaultConfigurationName = Release;
		};
		9B783CA31CD9466800C39706 /* Build configuration list for PBXNativeTarget "UITableView" */ = {
			isa = XCConfigurationList;
			buildConfigurations = (
				9B783CA41CD9466800C39706 /* Debug */,
				9B783CA51CD9466800C39706 /* Release */,
			);
			defaultConfigurationIsVisible = 0;
			defaultConfigurationName = Release;
		};
		9B783CA61CD9466800C39706 /* Build configuration list for PBXNativeTarget "UITableViewTests" */ = {
			isa = XCConfigurationList;
			buildConfigurations = (
				9B783CA71CD9466800C39706 /* Debug */,
				9B783CA81CD9466800C39706 /* Release */,
			);
			defaultConfigurationIsVisible = 0;
			defaultConfigurationName = Release;
		};
		9B783CA91CD9466800C39706 /* Build configuration list for PBXNativeTarget "UITableViewUITests" */ = {
			isa = XCConfigurationList;
			buildConfigurations = (
				9B783CAA1CD9466800C39706 /* Debug */,
				9B783CAB1CD9466800C39706 /* Release */,
			);
			defaultConfigurationIsVisible = 0;
			defaultConfigurationName = Release;
		};
/* End XCConfigurationList section */
	};
	rootObject = 9B783C731CD9466800C39706 /* Project object */;
}
