// !$*UTF8*$!
{
	archiveVersion = 1;
	classes = {
	};
	objectVersion = 46;
	objects = {

/* Begin PBXBuildFile section */
		255BD38C1ED479060003A341 /* AppDelegate.swift in Sources */ = {isa = PBXBuildFile; fileRef = 255BD38B1ED479060003A341 /* AppDelegate.swift */; };
		255BD38E1ED479060003A341 /* ViewController.swift in Sources */ = {isa = PBXBuildFile; fileRef = 255BD38D1ED479060003A341 /* ViewController.swift */; };
		255BD3911ED479060003A341 /* Main.storyboard in Resources */ = {isa = PBXBuildFile; fileRef = 255BD38F1ED479060003A341 /* Main.storyboard */; };
		255BD3931ED479060003A341 /* Assets.xcassets in Resources */ = {isa = PBXBuildFile; fileRef = 255BD3921ED479060003A341 /* Assets.xcassets */; };
		255BD3961ED479060003A341 /* LaunchScreen.storyboard in Resources */ = {isa = PBXBuildFile; fileRef = 255BD3941ED479060003A341 /* LaunchScreen.storyboard */; };
		255BD3A11ED479060003A341 /* LaunchScreenWAnimationTests.swift in Sources */ = {isa = PBXBuildFile; fileRef = 255BD3A01ED479060003A341 /* LaunchScreenWAnimationTests.swift */; };
		255BD3AC1ED479060003A341 /* LaunchScreenWAnimationUITests.swift in Sources */ = {isa = PBXBuildFile; fileRef = 255BD3AB1ED479060003A341 /* LaunchScreenWAnimationUITests.swift */; };
		255BD3BA1ED479830003A341 /* Root.storyboard in Resources */ = {isa = PBXBuildFile; fileRef = 255BD3B91ED479830003A341 /* Root.storyboard */; };
		255BD3BC1ED484F70003A341 /* UIWindowExtension.swift in Sources */ = {isa = PBXBuildFile; fileRef = 255BD3BB1ED484F70003A341 /* UIWindowExtension.swift */; };
		255BD3BE1ED488220003A341 /* SplashScreenViewController.swift in Sources */ = {isa = PBXBuildFile; fileRef = 255BD3BD1ED488220003A341 /* SplashScreenViewController.swift */; };
/* End PBXBuildFile section */

/* Begin PBXContainerItemProxy section */
		255BD39D1ED479060003A341 /* PBXContainerItemProxy */ = {
			isa = PBXContainerItemProxy;
			containerPortal = 255BD3801ED479060003A341 /* Project object */;
			proxyType = 1;
			remoteGlobalIDString = 255BD3871ED479060003A341;
			remoteInfo = LaunchScreenWAnimation;
		};
		255BD3A81ED479060003A341 /* PBXContainerItemProxy */ = {
			isa = PBXContainerItemProxy;
			containerPortal = 255BD3801ED479060003A341 /* Project object */;
			proxyType = 1;
			remoteGlobalIDString = 255BD3871ED479060003A341;
			remoteInfo = LaunchScreenWAnimation;
		};
/* End PBXContainerItemProxy section */

/* Begin PBXFileReference section */
		255BD3881ED479060003A341 /* LaunchScreenWAnimation.app */ = {isa = PBXFileReference; explicitFileType = wrapper.application; includeInIndex = 0; path = LaunchScreenWAnimation.app; sourceTree = BUILT_PRODUCTS_DIR; };
		255BD38B1ED479060003A341 /* AppDelegate.swift */ = {isa = PBXFileReference; lastKnownFileType = sourcecode.swift; path = AppDelegate.swift; sourceTree = "<group>"; };
		255BD38D1ED479060003A341 /* ViewController.swift */ = {isa = PBXFileReference; lastKnownFileType = sourcecode.swift; path = ViewController.swift; sourceTree = "<group>"; };
		255BD3901ED479060003A341 /* Base */ = {isa = PBXFileReference; lastKnownFileType = file.storyboard; name = Base; path = Base.lproj/Main.storyboard; sourceTree = "<group>"; };
		255BD3921ED479060003A341 /* Assets.xcassets */ = {isa = PBXFileReference; lastKnownFileType = folder.assetcatalog; path = Assets.xcassets; sourceTree = "<group>"; };
		255BD3951ED479060003A341 /* Base */ = {isa = PBXFileReference; lastKnownFileType = file.storyboard; name = Base; path = Base.lproj/LaunchScreen.storyboard; sourceTree = "<group>"; };
		255BD3971ED479060003A341 /* Info.plist */ = {isa = PBXFileReference; lastKnownFileType = text.plist.xml; path = Info.plist; sourceTree = "<group>"; };
		255BD39C1ED479060003A341 /* LaunchScreenWAnimationTests.xctest */ = {isa = PBXFileReference; explicitFileType = wrapper.cfbundle; includeInIndex = 0; path = LaunchScreenWAnimationTests.xctest; sourceTree = BUILT_PRODUCTS_DIR; };
		255BD3A01ED479060003A341 /* LaunchScreenWAnimationTests.swift */ = {isa = PBXFileReference; lastKnownFileType = sourcecode.swift; path = LaunchScreenWAnimationTests.swift; sourceTree = "<group>"; };
		255BD3A21ED479060003A341 /* Info.plist */ = {isa = PBXFileReference; lastKnownFileType = text.plist.xml; path = Info.plist; sourceTree = "<group>"; };
		255BD3A71ED479060003A341 /* LaunchScreenWAnimationUITests.xctest */ = {isa = PBXFileReference; explicitFileType = wrapper.cfbundle; includeInIndex = 0; path = LaunchScreenWAnimationUITests.xctest; sourceTree = BUILT_PRODUCTS_DIR; };
		255BD3AB1ED479060003A341 /* LaunchScreenWAnimationUITests.swift */ = {isa = PBXFileReference; lastKnownFileType = sourcecode.swift; path = LaunchScreenWAnimationUITests.swift; sourceTree = "<group>"; };
		255BD3AD1ED479060003A341 /* Info.plist */ = {isa = PBXFileReference; lastKnownFileType = text.plist.xml; path = Info.plist; sourceTree = "<group>"; };
		255BD3B91ED479830003A341 /* Root.storyboard */ = {isa = PBXFileReference; fileEncoding = 4; lastKnownFileType = file.storyboard; path = Root.storyboard; sourceTree = "<group>"; };
		255BD3BB1ED484F70003A341 /* UIWindowExtension.swift */ = {isa = PBXFileReference; fileEncoding = 4; lastKnownFileType = sourcecode.swift; name = UIWindowExtension.swift; path = ../UIWindowExtension.swift; sourceTree = "<group>"; };
		255BD3BD1ED488220003A341 /* SplashScreenViewController.swift */ = {isa = PBXFileReference; fileEncoding = 4; lastKnownFileType = sourcecode.swift; path = SplashScreenViewController.swift; sourceTree = "<group>"; };
/* End PBXFileReference section */

/* Begin PBXFrameworksBuildPhase section */
		255BD3851ED479060003A341 /* Frameworks */ = {
			isa = PBXFrameworksBuildPhase;
			buildActionMask = 2147483647;
			files = (
			);
			runOnlyForDeploymentPostprocessing = 0;
		};
		255BD3991ED479060003A341 /* Frameworks */ = {
			isa = PBXFrameworksBuildPhase;
			buildActionMask = 2147483647;
			files = (
			);
			runOnlyForDeploymentPostprocessing = 0;
		};
		255BD3A41ED479060003A341 /* Frameworks */ = {
			isa = PBXFrameworksBuildPhase;
			buildActionMask = 2147483647;
			files = (
			);
			runOnlyForDeploymentPostprocessing = 0;
		};
/* End PBXFrameworksBuildPhase section */

/* Begin PBXGroup section */
		255BD37F1ED479060003A341 = {
			isa = PBXGroup;
			children = (
				255BD38A1ED479060003A341 /* LaunchScreenWAnimation */,
				255BD39F1ED479060003A341 /* LaunchScreenWAnimationTests */,
				255BD3AA1ED479060003A341 /* LaunchScreenWAnimationUITests */,
				255BD3891ED479060003A341 /* Products */,
			);
			sourceTree = "<group>";
		};
		255BD3891ED479060003A341 /* Products */ = {
			isa = PBXGroup;
			children = (
				255BD3881ED479060003A341 /* LaunchScreenWAnimation.app */,
				255BD39C1ED479060003A341 /* LaunchScreenWAnimationTests.xctest */,
				255BD3A71ED479060003A341 /* LaunchScreenWAnimationUITests.xctest */,
			);
			name = Products;
			sourceTree = "<group>";
		};
		255BD38A1ED479060003A341 /* LaunchScreenWAnimation */ = {
			isa = PBXGroup;
			children = (
				255BD3921ED479060003A341 /* Assets.xcassets */,
				255BD38B1ED479060003A341 /* AppDelegate.swift */,
				255BD38D1ED479060003A341 /* ViewController.swift */,
				255BD3BB1ED484F70003A341 /* UIWindowExtension.swift */,
				255BD3941ED479060003A341 /* LaunchScreen.storyboard */,
				255BD38F1ED479060003A341 /* Main.storyboard */,
				255BD3BD1ED488220003A341 /* SplashScreenViewController.swift */,
				255BD3B91ED479830003A341 /* Root.storyboard */,
				255BD3971ED479060003A341 /* Info.plist */,
			);
			path = LaunchScreenWAnimation;
			sourceTree = "<group>";
		};
		255BD39F1ED479060003A341 /* LaunchScreenWAnimationTests */ = {
			isa = PBXGroup;
			children = (
				255BD3A01ED479060003A341 /* LaunchScreenWAnimationTests.swift */,
				255BD3A21ED479060003A341 /* Info.plist */,
			);
			path = LaunchScreenWAnimationTests;
			sourceTree = "<group>";
		};
		255BD3AA1ED479060003A341 /* LaunchScreenWAnimationUITests */ = {
			isa = PBXGroup;
			children = (
				255BD3AB1ED479060003A341 /* LaunchScreenWAnimationUITests.swift */,
				255BD3AD1ED479060003A341 /* Info.plist */,
			);
			path = LaunchScreenWAnimationUITests;
			sourceTree = "<group>";
		};
/* End PBXGroup section */

/* Begin PBXNativeTarget section */
		255BD3871ED479060003A341 /* LaunchScreenWAnimation */ = {
			isa = PBXNativeTarget;
			buildConfigurationList = 255BD3B01ED479060003A341 /* Build configuration list for PBXNativeTarget "LaunchScreenWAnimation" */;
			buildPhases = (
				255BD3841ED479060003A341 /* Sources */,
				255BD3851ED479060003A341 /* Frameworks */,
				255BD3861ED479060003A341 /* Resources */,
			);
			buildRules = (
			);
			dependencies = (
			);
			name = LaunchScreenWAnimation;
			productName = LaunchScreenWAnimation;
			productReference = 255BD3881ED479060003A341 /* LaunchScreenWAnimation.app */;
			productType = "com.apple.product-type.application";
		};
		255BD39B1ED479060003A341 /* LaunchScreenWAnimationTests */ = {
			isa = PBXNativeTarget;
			buildConfigurationList = 255BD3B31ED479060003A341 /* Build configuration list for PBXNativeTarget "LaunchScreenWAnimationTests" */;
			buildPhases = (
				255BD3981ED479060003A341 /* Sources */,
				255BD3991ED479060003A341 /* Frameworks */,
				255BD39A1ED479060003A341 /* Resources */,
			);
			buildRules = (
			);
			dependencies = (
				255BD39E1ED479060003A341 /* PBXTargetDependency */,
			);
			name = LaunchScreenWAnimationTests;
			productName = LaunchScreenWAnimationTests;
			productReference = 255BD39C1ED479060003A341 /* LaunchScreenWAnimationTests.xctest */;
			productType = "com.apple.product-type.bundle.unit-test";
		};
		255BD3A61ED479060003A341 /* LaunchScreenWAnimationUITests */ = {
			isa = PBXNativeTarget;
			buildConfigurationList = 255BD3B61ED479060003A341 /* Build configuration list for PBXNativeTarget "LaunchScreenWAnimationUITests" */;
			buildPhases = (
				255BD3A31ED479060003A341 /* Sources */,
				255BD3A41ED479060003A341 /* Frameworks */,
				255BD3A51ED479060003A341 /* Resources */,
			);
			buildRules = (
			);
			dependencies = (
				255BD3A91ED479060003A341 /* PBXTargetDependency */,
			);
			name = LaunchScreenWAnimationUITests;
			productName = LaunchScreenWAnimationUITests;
			productReference = 255BD3A71ED479060003A341 /* LaunchScreenWAnimationUITests.xctest */;
			productType = "com.apple.product-type.bundle.ui-testing";
		};
/* End PBXNativeTarget section */

/* Begin PBXProject section */
		255BD3801ED479060003A341 /* Project object */ = {
			isa = PBXProject;
			attributes = {
				LastSwiftUpdateCheck = 0830;
				LastUpgradeCheck = 0830;
				ORGANIZATIONNAME = "Paige Sun";
				TargetAttributes = {
					255BD3871ED479060003A341 = {
						CreatedOnToolsVersion = 8.3;
						ProvisioningStyle = Automatic;
					};
					255BD39B1ED479060003A341 = {
						CreatedOnToolsVersion = 8.3;
						ProvisioningStyle = Automatic;
						TestTargetID = 255BD3871ED479060003A341;
					};
					255BD3A61ED479060003A341 = {
						CreatedOnToolsVersion = 8.3;
						ProvisioningStyle = Automatic;
						TestTargetID = 255BD3871ED479060003A341;
					};
				};
			};
			buildConfigurationList = 255BD3831ED479060003A341 /* Build configuration list for PBXProject "LaunchScreenWAnimation" */;
			compatibilityVersion = "Xcode 3.2";
			developmentRegion = English;
			hasScannedForEncodings = 0;
			knownRegions = (
				en,
				Base,
			);
			mainGroup = 255BD37F1ED479060003A341;
			productRefGroup = 255BD3891ED479060003A341 /* Products */;
			projectDirPath = "";
			projectRoot = "";
			targets = (
				255BD3871ED479060003A341 /* LaunchScreenWAnimation */,
				255BD39B1ED479060003A341 /* LaunchScreenWAnimationTests */,
				255BD3A61ED479060003A341 /* LaunchScreenWAnimationUITests */,
			);
		};
/* End PBXProject section */

/* Begin PBXResourcesBuildPhase section */
		255BD3861ED479060003A341 /* Resources */ = {
			isa = PBXResourcesBuildPhase;
			buildActionMask = 2147483647;
			files = (
				255BD3961ED479060003A341 /* LaunchScreen.storyboard in Resources */,
				255BD3931ED479060003A341 /* Assets.xcassets in Resources */,
				255BD3BA1ED479830003A341 /* Root.storyboard in Resources */,
				255BD3911ED479060003A341 /* Main.storyboard in Resources */,
			);
			runOnlyForDeploymentPostprocessing = 0;
		};
		255BD39A1ED479060003A341 /* Resources */ = {
			isa = PBXResourcesBuildPhase;
			buildActionMask = 2147483647;
			files = (
			);
			runOnlyForDeploymentPostprocessing = 0;
		};
		255BD3A51ED479060003A341 /* Resources */ = {
			isa = PBXResourcesBuildPhase;
			buildActionMask = 2147483647;
			files = (
			);
			runOnlyForDeploymentPostprocessing = 0;
		};
/* End PBXResourcesBuildPhase section */

/* Begin PBXSourcesBuildPhase section */
		255BD3841ED479060003A341 /* Sources */ = {
			isa = PBXSourcesBuildPhase;
			buildActionMask = 2147483647;
			files = (
				255BD3BC1ED484F70003A341 /* UIWindowExtension.swift in Sources */,
				255BD38E1ED479060003A341 /* ViewController.swift in Sources */,
				255BD3BE1ED488220003A341 /* SplashScreenViewController.swift in Sources */,
				255BD38C1ED479060003A341 /* AppDelegate.swift in Sources */,
			);
			runOnlyForDeploymentPostprocessing = 0;
		};
		255BD3981ED479060003A341 /* Sources */ = {
			isa = PBXSourcesBuildPhase;
			buildActionMask = 2147483647;
			files = (
				255BD3A11ED479060003A341 /* LaunchScreenWAnimationTests.swift in Sources */,
			);
			runOnlyForDeploymentPostprocessing = 0;
		};
		255BD3A31ED479060003A341 /* Sources */ = {
			isa = PBXSourcesBuildPhase;
			buildActionMask = 2147483647;
			files = (
				255BD3AC1ED479060003A341 /* LaunchScreenWAnimationUITests.swift in Sources */,
			);
			runOnlyForDeploymentPostprocessing = 0;
		};
/* End PBXSourcesBuildPhase section */

/* Begin PBXTargetDependency section */
		255BD39E1ED479060003A341 /* PBXTargetDependency */ = {
			isa = PBXTargetDependency;
			target = 255BD3871ED479060003A341 /* LaunchScreenWAnimation */;
			targetProxy = 255BD39D1ED479060003A341 /* PBXContainerItemProxy */;
		};
		255BD3A91ED479060003A341 /* PBXTargetDependency */ = {
			isa = PBXTargetDependency;
			target = 255BD3871ED479060003A341 /* LaunchScreenWAnimation */;
			targetProxy = 255BD3A81ED479060003A341 /* PBXContainerItemProxy */;
		};
/* End PBXTargetDependency section */

/* Begin PBXVariantGroup section */
		255BD38F1ED479060003A341 /* Main.storyboard */ = {
			isa = PBXVariantGroup;
			children = (
				255BD3901ED479060003A341 /* Base */,
			);
			name = Main.storyboard;
			sourceTree = "<group>";
		};
		255BD3941ED479060003A341 /* LaunchScreen.storyboard */ = {
			isa = PBXVariantGroup;
			children = (
				255BD3951ED479060003A341 /* Base */,
			);
			name = LaunchScreen.storyboard;
			sourceTree = "<group>";
		};
/* End PBXVariantGroup section */

/* Begin XCBuildConfiguration section */
		255BD3AE1ED479060003A341 /* Debug */ = {
			isa = XCBuildConfiguration;
			buildSettings = {
				ALWAYS_SEARCH_USER_PATHS = NO;
				CLANG_ANALYZER_NONNULL = YES;
				CLANG_ANALYZER_NUMBER_OBJECT_CONVERSION = YES_AGGRESSIVE;
				CLANG_CXX_LANGUAGE_STANDARD = "gnu++0x";
				CLANG_CXX_LIBRARY = "libc++";
				CLANG_ENABLE_MODULES = YES;
				CLANG_ENABLE_OBJC_ARC = YES;
				CLANG_WARN_BOOL_CONVERSION = YES;
				CLANG_WARN_CONSTANT_CONVERSION = YES;
				CLANG_WARN_DIRECT_OBJC_ISA_USAGE = YES_ERROR;
				CLANG_WARN_DOCUMENTATION_COMMENTS = YES;
				CLANG_WARN_EMPTY_BODY = YES;
				CLANG_WARN_ENUM_CONVERSION = YES;
				CLANG_WARN_INFINITE_RECURSION = YES;
				CLANG_WARN_INT_CONVERSION = YES;
				CLANG_WARN_OBJC_ROOT_CLASS = YES_ERROR;
				CLANG_WARN_SUSPICIOUS_MOVE = YES;
				CLANG_WARN_UNREACHABLE_CODE = YES;
				CLANG_WARN__DUPLICATE_METHOD_MATCH = YES;
				"CODE_SIGN_IDENTITY[sdk=iphoneos*]" = "iPhone Developer";
				COPY_PHASE_STRIP = NO;
				DEBUG_INFORMATION_FORMAT = dwarf;
				ENABLE_STRICT_OBJC_MSGSEND = YES;
				ENABLE_TESTABILITY = YES;
				GCC_C_LANGUAGE_STANDARD = gnu99;
				GCC_DYNAMIC_NO_PIC = NO;
				GCC_NO_COMMON_BLOCKS = YES;
				GCC_OPTIMIZATION_LEVEL = 0;
				GCC_PREPROCESSOR_DEFINITIONS = (
					"DEBUG=1",
					"$(inherited)",
				);
				GCC_WARN_64_TO_32_BIT_CONVERSION = YES;
				GCC_WARN_ABOUT_RETURN_TYPE = YES_ERROR;
				GCC_WARN_UNDECLARED_SELECTOR = YES;
				GCC_WARN_UNINITIALIZED_AUTOS = YES_AGGRESSIVE;
				GCC_WARN_UNUSED_FUNCTION = YES;
				GCC_WARN_UNUSED_VARIABLE = YES;
				IPHONEOS_DEPLOYMENT_TARGET = 10.3;
				MTL_ENABLE_DEBUG_INFO = YES;
				ONLY_ACTIVE_ARCH = YES;
				SDKROOT = iphoneos;
				SWIFT_ACTIVE_COMPILATION_CONDITIONS = DEBUG;
				SWIFT_OPTIMIZATION_LEVEL = "-Onone";
				TARGETED_DEVICE_FAMILY = "1,2";
			};
			name = Debug;
		};
		255BD3AF1ED479060003A341 /* Release */ = {
			isa = XCBuildConfiguration;
			buildSettings = {
				ALWAYS_SEARCH_USER_PATHS = NO;
				CLANG_ANALYZER_NONNULL = YES;
				CLANG_ANALYZER_NUMBER_OBJECT_CONVERSION = YES_AGGRESSIVE;
				CLANG_CXX_LANGUAGE_STANDARD = "gnu++0x";
				CLANG_CXX_LIBRARY = "libc++";
				CLANG_ENABLE_MODULES = YES;
				CLANG_ENABLE_OBJC_ARC = YES;
				CLANG_WARN_BOOL_CONVERSION = YES;
				CLANG_WARN_CONSTANT_CONVERSION = YES;
				CLANG_WARN_DIRECT_OBJC_ISA_USAGE = YES_ERROR;
				CLANG_WARN_DOCUMENTATION_COMMENTS = YES;
				CLANG_WARN_EMPTY_BODY = YES;
				CLANG_WARN_ENUM_CONVERSION = YES;
				CLANG_WARN_INFINITE_RECURSION = YES;
				CLANG_WARN_INT_CONVERSION = YES;
				CLANG_WARN_OBJC_ROOT_CLASS = YES_ERROR;
				CLANG_WARN_SUSPICIOUS_MOVE = YES;
				CLANG_WARN_UNREACHABLE_CODE = YES;
				CLANG_WARN__DUPLICATE_METHOD_MATCH = YES;
				"CODE_SIGN_IDENTITY[sdk=iphoneos*]" = "iPhone Developer";
				COPY_PHASE_STRIP = NO;
				DEBUG_INFORMATION_FORMAT = "dwarf-with-dsym";
				ENABLE_NS_ASSERTIONS = NO;
				ENABLE_STRICT_OBJC_MSGSEND = YES;
				GCC_C_LANGUAGE_STANDARD = gnu99;
				GCC_NO_COMMON_BLOCKS = YES;
				GCC_WARN_64_TO_32_BIT_CONVERSION = YES;
				GCC_WARN_ABOUT_RETURN_TYPE = YES_ERROR;
				GCC_WARN_UNDECLARED_SELECTOR = YES;
				GCC_WARN_UNINITIALIZED_AUTOS = YES_AGGRESSIVE;
				GCC_WARN_UNUSED_FUNCTION = YES;
				GCC_WARN_UNUSED_VARIABLE = YES;
				IPHONEOS_DEPLOYMENT_TARGET = 10.3;
				MTL_ENABLE_DEBUG_INFO = NO;
				SDKROOT = iphoneos;
				SWIFT_OPTIMIZATION_LEVEL = "-Owholemodule";
				TARGETED_DEVICE_FAMILY = "1,2";
				VALIDATE_PRODUCT = YES;
			};
			name = Release;
		};
		255BD3B11ED479060003A341 /* Debug */ = {
			isa = XCBuildConfiguration;
			buildSettings = {
				ASSETCATALOG_COMPILER_APPICON_NAME = AppIcon;
				INFOPLIST_FILE = LaunchScreenWAnimation/Info.plist;
				LD_RUNPATH_SEARCH_PATHS = "$(inherited) @executable_path/Frameworks";
				PRODUCT_BUNDLE_IDENTIFIER = com.peisun.LaunchScreenWAnimation;
				PRODUCT_NAME = "$(TARGET_NAME)";
				SWIFT_VERSION = 3.0;
			};
			name = Debug;
		};
		255BD3B21ED479060003A341 /* Release */ = {
			isa = XCBuildConfiguration;
			buildSettings = {
				ASSETCATALOG_COMPILER_APPICON_NAME = AppIcon;
				INFOPLIST_FILE = LaunchScreenWAnimation/Info.plist;
				LD_RUNPATH_SEARCH_PATHS = "$(inherited) @executable_path/Frameworks";
				PRODUCT_BUNDLE_IDENTIFIER = com.peisun.LaunchScreenWAnimation;
				PRODUCT_NAME = "$(TARGET_NAME)";
				SWIFT_VERSION = 3.0;
			};
			name = Release;
		};
		255BD3B41ED479060003A341 /* Debug */ = {
			isa = XCBuildConfiguration;
			buildSettings = {
				ALWAYS_EMBED_SWIFT_STANDARD_LIBRARIES = YES;
				BUNDLE_LOADER = "$(TEST_HOST)";
				INFOPLIST_FILE = LaunchScreenWAnimationTests/Info.plist;
				LD_RUNPATH_SEARCH_PATHS = "$(inherited) @executable_path/Frameworks @loader_path/Frameworks";
				PRODUCT_BUNDLE_IDENTIFIER = com.peisun.LaunchScreenWAnimationTests;
				PRODUCT_NAME = "$(TARGET_NAME)";
				SWIFT_VERSION = 3.0;
				TEST_HOST = "$(BUILT_PRODUCTS_DIR)/LaunchScreenWAnimation.app/LaunchScreenWAnimation";
			};
			name = Debug;
		};
		255BD3B51ED479060003A341 /* Release */ = {
			isa = XCBuildConfiguration;
			buildSettings = {
				ALWAYS_EMBED_SWIFT_STANDARD_LIBRARIES = YES;
				BUNDLE_LOADER = "$(TEST_HOST)";
				INFOPLIST_FILE = LaunchScreenWAnimationTests/Info.plist;
				LD_RUNPATH_SEARCH_PATHS = "$(inherited) @executable_path/Frameworks @loader_path/Frameworks";
				PRODUCT_BUNDLE_IDENTIFIER = com.peisun.LaunchScreenWAnimationTests;
				PRODUCT_NAME = "$(TARGET_NAME)";
				SWIFT_VERSION = 3.0;
				TEST_HOST = "$(BUILT_PRODUCTS_DIR)/LaunchScreenWAnimation.app/LaunchScreenWAnimation";
			};
			name = Release;
		};
		255BD3B71ED479060003A341 /* Debug */ = {
			isa = XCBuildConfiguration;
			buildSettings = {
				ALWAYS_EMBED_SWIFT_STANDARD_LIBRARIES = YES;
				INFOPLIST_FILE = LaunchScreenWAnimationUITests/Info.plist;
				LD_RUNPATH_SEARCH_PATHS = "$(inherited) @executable_path/Frameworks @loader_path/Frameworks";
				PRODUCT_BUNDLE_IDENTIFIER = com.peisun.LaunchScreenWAnimationUITests;
				PRODUCT_NAME = "$(TARGET_NAME)";
				SWIFT_VERSION = 3.0;
				TEST_TARGET_NAME = LaunchScreenWAnimation;
			};
			name = Debug;
		};
		255BD3B81ED479060003A341 /* Release */ = {
			isa = XCBuildConfiguration;
			buildSettings = {
				ALWAYS_EMBED_SWIFT_STANDARD_LIBRARIES = YES;
				INFOPLIST_FILE = LaunchScreenWAnimationUITests/Info.plist;
				LD_RUNPATH_SEARCH_PATHS = "$(inherited) @executable_path/Frameworks @loader_path/Frameworks";
				PRODUCT_BUNDLE_IDENTIFIER = com.peisun.LaunchScreenWAnimationUITests;
				PRODUCT_NAME = "$(TARGET_NAME)";
				SWIFT_VERSION = 3.0;
				TEST_TARGET_NAME = LaunchScreenWAnimation;
			};
			name = Release;
		};
/* End XCBuildConfiguration section */

/* Begin XCConfigurationList section */
		255BD3831ED479060003A341 /* Build configuration list for PBXProject "LaunchScreenWAnimation" */ = {
			isa = XCConfigurationList;
			buildConfigurations = (
				255BD3AE1ED479060003A341 /* Debug */,
				255BD3AF1ED479060003A341 /* Release */,
			);
			defaultConfigurationIsVisible = 0;
			defaultConfigurationName = Release;
		};
		255BD3B01ED479060003A341 /* Build configuration list for PBXNativeTarget "LaunchScreenWAnimation" */ = {
			isa = XCConfigurationList;
			buildConfigurations = (
				255BD3B11ED479060003A341 /* Debug */,
				255BD3B21ED479060003A341 /* Release */,
			);
			defaultConfigurationIsVisible = 0;
		};
		255BD3B31ED479060003A341 /* Build configuration list for PBXNativeTarget "LaunchScreenWAnimationTests" */ = {
			isa = XCConfigurationList;
			buildConfigurations = (
				255BD3B41ED479060003A341 /* Debug */,
				255BD3B51ED479060003A341 /* Release */,
			);
			defaultConfigurationIsVisible = 0;
		};
		255BD3B61ED479060003A341 /* Build configuration list for PBXNativeTarget "LaunchScreenWAnimationUITests" */ = {
			isa = XCConfigurationList;
			buildConfigurations = (
				255BD3B71ED479060003A341 /* Debug */,
				255BD3B81ED479060003A341 /* Release */,
			);
			defaultConfigurationIsVisible = 0;
		};
/* End XCConfigurationList section */
	};
	rootObject = 255BD3801ED479060003A341 /* Project object */;
}
